
Microsoft Visual Studio Solution File, Format Version 12.00
# Visual Studio Version 16
VisualStudioVersion = 16.0.29306.81
MinimumVisualStudioVersion = 10.0.40219.1
Project("{FAE04EC0-301F-11D3-BF4B-00C04F79EFBC}") = "Blogger", "Blogger\Blogger.csproj", "{88C5C8F6-6ECA-43D8-8C97-25D318F00E54}"
EndProject
Global
	GlobalSection(SolutionConfigurationPlatforms) = preSolution
		Debug|Any CPU = Debug|Any CPU
		Release|Any CPU = Release|Any CPU
	EndGlobalSection
	GlobalSection(ProjectConfigurationPlatforms) = postSolution
		{88C5C8F6-6ECA-43D8-8C97-25D318F00E54}.Debug|Any CPU.ActiveCfg = Debug|Any CPU
		{88C5C8F6-6ECA-43D8-8C97-25D318F00E54}.Debug|Any CPU.Build.0 = Debug|Any CPU
		{88C5C8F6-6ECA-43D8-8C97-25D318F00E54}.Release|Any CPU.ActiveCfg = Release|Any CPU
		{88C5C8F6-6ECA-43D8-8C97-25D318F00E54}.Release|Any CPU.Build.0 = Release|Any CPU
	EndGlobalSection
	GlobalSection(SolutionProperties) = preSolution
		HideSolutionNode = FALSE
	EndGlobalSection
	GlobalSection(ExtensibilityGlobals) = postSolution
		SolutionGuid = {03577EF6-311D-4E37-9497-A987AF25C49D}
	EndGlobalSection
EndGlobal
